
Microsoft Visual Studio Solution File, Format Version 12.00
# Visual Studio 15
VisualStudioVersion = 15.0.26124.0
MinimumVisualStudioVersion = 15.0.26124.0
Project("{FAE04EC0-301F-11D3-BF4B-00C04F79EFBC}") = "ApexRestaurant.Repository", "ApexRestaurant.Repository\ApexRestaurant.Repository.csproj", "{9E390DAD-88C3-49FE-AD21-E67145044480}"
EndProject
Project("{FAE04EC0-301F-11D3-BF4B-00C04F79EFBC}") = "ApexRestaurant.Services", "ApexRestaurant.Services\ApexRestaurant.Services.csproj", "{2E1BFDCA-E26E-472A-9A68-E6D578C1A0C9}"
EndProject
Project("{FAE04EC0-301F-11D3-BF4B-00C04F79EFBC}") = "ApexRestaurant.Api", "ApexRestaurant.Api\ApexRestaurant.Api.csproj", "{9BACDBA8-7415-48F3-9649-A4B9CE1F9F4C}"
EndProject
Project("{FAE04EC0-301F-11D3-BF4B-00C04F79EFBC}") = "ApexRestaurant.Mvc", "ApexRestaurant.Mvc\ApexRestaurant.Mvc.csproj", "{2AEFB3C0-55AE-4F9B-A423-EB76F7D2390A}"
EndProject
Global
	GlobalSection(SolutionConfigurationPlatforms) = preSolution
		Debug|Any CPU = Debug|Any CPU
		Debug|x64 = Debug|x64
		Debug|x86 = Debug|x86
		Release|Any CPU = Release|Any CPU
		Release|x64 = Release|x64
		Release|x86 = Release|x86
	EndGlobalSection
	GlobalSection(SolutionProperties) = preSolution
		HideSolutionNode = FALSE
	EndGlobalSection
	GlobalSection(ProjectConfigurationPlatforms) = postSolution
		{9E390DAD-88C3-49FE-AD21-E67145044480}.Debug|Any CPU.ActiveCfg = Debug|Any CPU
		{9E390DAD-88C3-49FE-AD21-E67145044480}.Debug|Any CPU.Build.0 = Debug|Any CPU
		{9E390DAD-88C3-49FE-AD21-E67145044480}.Debug|x64.ActiveCfg = Debug|Any CPU
		{9E390DAD-88C3-49FE-AD21-E67145044480}.Debug|x64.Build.0 = Debug|Any CPU
		{9E390DAD-88C3-49FE-AD21-E67145044480}.Debug|x86.ActiveCfg = Debug|Any CPU
		{9E390DAD-88C3-49FE-AD21-E67145044480}.Debug|x86.Build.0 = Debug|Any CPU
		{9E390DAD-88C3-49FE-AD21-E67145044480}.Release|Any CPU.ActiveCfg = Release|Any CPU
		{9E390DAD-88C3-49FE-AD21-E67145044480}.Release|Any CPU.Build.0 = Release|Any CPU
		{9E390DAD-88C3-49FE-AD21-E67145044480}.Release|x64.ActiveCfg = Release|Any CPU
		{9E390DAD-88C3-49FE-AD21-E67145044480}.Release|x64.Build.0 = Release|Any CPU
		{9E390DAD-88C3-49FE-AD21-E67145044480}.Release|x86.ActiveCfg = Release|Any CPU
		{9E390DAD-88C3-49FE-AD21-E67145044480}.Release|x86.Build.0 = Release|Any CPU
		{2E1BFDCA-E26E-472A-9A68-E6D578C1A0C9}.Debug|Any CPU.ActiveCfg = Debug|Any CPU
		{2E1BFDCA-E26E-472A-9A68-E6D578C1A0C9}.Debug|Any CPU.Build.0 = Debug|Any CPU
		{2E1BFDCA-E26E-472A-9A68-E6D578C1A0C9}.Debug|x64.ActiveCfg = Debug|Any CPU
		{2E1BFDCA-E26E-472A-9A68-E6D578C1A0C9}.Debug|x64.Build.0 = Debug|Any CPU
		{2E1BFDCA-E26E-472A-9A68-E6D578C1A0C9}.Debug|x86.ActiveCfg = Debug|Any CPU
		{2E1BFDCA-E26E-472A-9A68-E6D578C1A0C9}.Debug|x86.Build.0 = Debug|Any CPU
		{2E1BFDCA-E26E-472A-9A68-E6D578C1A0C9}.Release|Any CPU.ActiveCfg = Release|Any CPU
		{2E1BFDCA-E26E-472A-9A68-E6D578C1A0C9}.Release|Any CPU.Build.0 = Release|Any CPU
		{2E1BFDCA-E26E-472A-9A68-E6D578C1A0C9}.Release|x64.ActiveCfg = Release|Any CPU
		{2E1BFDCA-E26E-472A-9A68-E6D578C1A0C9}.Release|x64.Build.0 = Release|Any CPU
		{2E1BFDCA-E26E-472A-9A68-E6D578C1A0C9}.Release|x86.ActiveCfg = Release|Any CPU
		{2E1BFDCA-E26E-472A-9A68-E6D578C1A0C9}.Release|x86.Build.0 = Release|Any CPU
		{9BACDBA8-7415-48F3-9649-A4B9CE1F9F4C}.Debug|Any CPU.ActiveCfg = Debug|Any CPU
		{9BACDBA8-7415-48F3-9649-A4B9CE1F9F4C}.Debug|Any CPU.Build.0 = Debug|Any CPU
		{9BACDBA8-7415-48F3-9649-A4B9CE1F9F4C}.Debug|x64.ActiveCfg = Debug|Any CPU
		{9BACDBA8-7415-48F3-9649-A4B9CE1F9F4C}.Debug|x64.Build.0 = Debug|Any CPU
		{9BACDBA8-7415-48F3-9649-A4B9CE1F9F4C}.Debug|x86.ActiveCfg = Debug|Any CPU
		{9BACDBA8-7415-48F3-9649-A4B9CE1F9F4C}.Debug|x86.Build.0 = Debug|Any CPU
		{9BACDBA8-7415-48F3-9649-A4B9CE1F9F4C}.Release|Any CPU.ActiveCfg = Release|Any CPU
		{9BACDBA8-7415-48F3-9649-A4B9CE1F9F4C}.Release|Any CPU.Build.0 = Release|Any CPU
		{9BACDBA8-7415-48F3-9649-A4B9CE1F9F4C}.Release|x64.ActiveCfg = Release|Any CPU
		{9BACDBA8-7415-48F3-9649-A4B9CE1F9F4C}.Release|x64.Build.0 = Release|Any CPU
		{9BACDBA8-7415-48F3-9649-A4B9CE1F9F4C}.Release|x86.ActiveCfg = Release|Any CPU
		{9BACDBA8-7415-48F3-9649-A4B9CE1F9F4C}.Release|x86.Build.0 = Release|Any CPU
		{2AEFB3C0-55AE-4F9B-A423-EB76F7D2390A}.Debug|Any CPU.ActiveCfg = Debug|Any CPU
		{2AEFB3C0-55AE-4F9B-A423-EB76F7D2390A}.Debug|Any CPU.Build.0 = Debug|Any CPU
		{2AEFB3C0-55AE-4F9B-A423-EB76F7D2390A}.Debug|x64.ActiveCfg = Debug|Any CPU
		{2AEFB3C0-55AE-4F9B-A423-EB76F7D2390A}.Debug|x64.Build.0 = Debug|Any CPU
		{2AEFB3C0-55AE-4F9B-A423-EB76F7D2390A}.Debug|x86.ActiveCfg = Debug|Any CPU
		{2AEFB3C0-55AE-4F9B-A423-EB76F7D2390A}.Debug|x86.Build.0 = Debug|Any CPU
		{2AEFB3C0-55AE-4F9B-A423-EB76F7D2390A}.Release|Any CPU.ActiveCfg = Release|Any CPU
		{2AEFB3C0-55AE-4F9B-A423-EB76F7D2390A}.Release|Any CPU.Build.0 = Release|Any CPU
		{2AEFB3C0-55AE-4F9B-A423-EB76F7D2390A}.Release|x64.ActiveCfg = Release|Any CPU
		{2AEFB3C0-55AE-4F9B-A423-EB76F7D2390A}.Release|x64.Build.0 = Release|Any CPU
		{2AEFB3C0-55AE-4F9B-A423-EB76F7D2390A}.Release|x86.ActiveCfg = Release|Any CPU
		{2AEFB3C0-55AE-4F9B-A423-EB76F7D2390A}.Release|x86.Build.0 = Release|Any CPU
	EndGlobalSection
EndGlobal
